
Microsoft Visual Studio Solution File, Format Version 12.00
# Visual Studio 2015
Project("{FAE04EC0-301F-11D3-BF4B-00C04F79EFBC}") = "ME555_Final", "ME555_Final.csproj", "{B1DE19D6-F7FB-1A19-7B83-CEEE7E1333F3}"
EndProject
Project("{FAE04EC0-301F-11D3-BF4B-00C04F79EFBC}") = "ME555_Final.Editor", "ME555_Final.Editor.csproj", "{6EAEE1BC-ED4D-9FEF-8C5F-74D5ECFA2007}"
EndProject
Global
	GlobalSection(SolutionConfigurationPlatforms) = preSolution
		Debug|Any CPU = Debug|Any CPU
		Release|Any CPU = Release|Any CPU
	EndGlobalSection
	GlobalSection(ProjectConfigurationPlatforms) = postSolution
		{B1DE19D6-F7FB-1A19-7B83-CEEE7E1333F3}.Debug|Any CPU.ActiveCfg = Debug|Any CPU
		{B1DE19D6-F7FB-1A19-7B83-CEEE7E1333F3}.Debug|Any CPU.Build.0 = Debug|Any CPU
		{B1DE19D6-F7FB-1A19-7B83-CEEE7E1333F3}.Release|Any CPU.ActiveCfg = Release|Any CPU
		{B1DE19D6-F7FB-1A19-7B83-CEEE7E1333F3}.Release|Any CPU.Build.0 = Release|Any CPU
		{6EAEE1BC-ED4D-9FEF-8C5F-74D5ECFA2007}.Debug|Any CPU.ActiveCfg = Debug|Any CPU
		{6EAEE1BC-ED4D-9FEF-8C5F-74D5ECFA2007}.Debug|Any CPU.Build.0 = Debug|Any CPU
		{6EAEE1BC-ED4D-9FEF-8C5F-74D5ECFA2007}.Release|Any CPU.ActiveCfg = Release|Any CPU
		{6EAEE1BC-ED4D-9FEF-8C5F-74D5ECFA2007}.Release|Any CPU.Build.0 = Release|Any CPU
	EndGlobalSection
	GlobalSection(SolutionProperties) = preSolution
		HideSolutionNode = FALSE
	EndGlobalSection
EndGlobal
